
Microsoft Visual Studio Solution File, Format Version 12.00
# Visual Studio Version 17
VisualStudioVersion = 17.7.34024.191
MinimumVisualStudioVersion = 10.0.40219.1
Project("{FAE04EC0-301F-11D3-BF4B-00C04F79EFBC}") = "ConsultoCep.UWP", "ConsultoCep\ConsultoCep.UWP\ConsultoCep.UWP.csproj", "{AA28A189-446D-46E8-AD7E-E31A9DE95DD7}"
EndProject
Project("{FAE04EC0-301F-11D3-BF4B-00C04F79EFBC}") = "ConsultoCep.Android", "ConsultoCep\ConsultoCep.Android\ConsultoCep.Android.csproj", "{4E1E9CF8-D5C3-4CA4-8E50-011B200A6ACD}"
EndProject
Project("{FAE04EC0-301F-11D3-BF4B-00C04F79EFBC}") = "ConsultoCep.iOS", "ConsultoCep\ConsultoCep.iOS\ConsultoCep.iOS.csproj", "{A479A6FB-513F-4995-AFFD-FD5041C89468}"
EndProject
Project("{FAE04EC0-301F-11D3-BF4B-00C04F79EFBC}") = "ConsultoCep", "ConsultoCep\ConsultoCep\ConsultoCep.csproj", "{60E50163-26C0-4F52-85F0-5303FE43B5CC}"
EndProject
Global
	GlobalSection(SolutionConfigurationPlatforms) = preSolution
		Debug|Any CPU = Debug|Any CPU
		Debug|ARM = Debug|ARM
		Debug|iPhone = Debug|iPhone
		Debug|iPhoneSimulator = Debug|iPhoneSimulator
		Debug|x64 = Debug|x64
		Debug|x86 = Debug|x86
		Release|Any CPU = Release|Any CPU
		Release|ARM = Release|ARM
		Release|iPhone = Release|iPhone
		Release|iPhoneSimulator = Release|iPhoneSimulator
		Release|x64 = Release|x64
		Release|x86 = Release|x86
	EndGlobalSection
	GlobalSection(ProjectConfigurationPlatforms) = postSolution
		{AA28A189-446D-46E8-AD7E-E31A9DE95DD7}.Debug|Any CPU.ActiveCfg = Debug|x64
		{AA28A189-446D-46E8-AD7E-E31A9DE95DD7}.Debug|Any CPU.Build.0 = Debug|x64
		{AA28A189-446D-46E8-AD7E-E31A9DE95DD7}.Debug|Any CPU.Deploy.0 = Debug|x64
		{AA28A189-446D-46E8-AD7E-E31A9DE95DD7}.Debug|ARM.ActiveCfg = Debug|ARM
		{AA28A189-446D-46E8-AD7E-E31A9DE95DD7}.Debug|ARM.Build.0 = Debug|ARM
		{AA28A189-446D-46E8-AD7E-E31A9DE95DD7}.Debug|ARM.Deploy.0 = Debug|ARM
		{AA28A189-446D-46E8-AD7E-E31A9DE95DD7}.Debug|iPhone.ActiveCfg = Debug|x64
		{AA28A189-446D-46E8-AD7E-E31A9DE95DD7}.Debug|iPhone.Build.0 = Debug|x64
		{AA28A189-446D-46E8-AD7E-E31A9DE95DD7}.Debug|iPhone.Deploy.0 = Debug|x64
		{AA28A189-446D-46E8-AD7E-E31A9DE95DD7}.Debug|iPhoneSimulator.ActiveCfg = Debug|x64
		{AA28A189-446D-46E8-AD7E-E31A9DE95DD7}.Debug|iPhoneSimulator.Build.0 = Debug|x64
		{AA28A189-446D-46E8-AD7E-E31A9DE95DD7}.Debug|iPhoneSimulator.Deploy.0 = Debug|x64
		{AA28A189-446D-46E8-AD7E-E31A9DE95DD7}.Debug|x64.ActiveCfg = Debug|x64
		{AA28A189-446D-46E8-AD7E-E31A9DE95DD7}.Debug|x64.Build.0 = Debug|x64
		{AA28A189-446D-46E8-AD7E-E31A9DE95DD7}.Debug|x64.Deploy.0 = Debug|x64
		{AA28A189-446D-46E8-AD7E-E31A9DE95DD7}.Debug|x86.ActiveCfg = Debug|x86
		{AA28A189-446D-46E8-AD7E-E31A9DE95DD7}.Debug|x86.Build.0 = Debug|x86
		{AA28A189-446D-46E8-AD7E-E31A9DE95DD7}.Debug|x86.Deploy.0 = Debug|x86
		{AA28A189-446D-46E8-AD7E-E31A9DE95DD7}.Release|Any CPU.ActiveCfg = Release|x64
		{AA28A189-446D-46E8-AD7E-E31A9DE95DD7}.Release|Any CPU.Build.0 = Release|x64
		{AA28A189-446D-46E8-AD7E-E31A9DE95DD7}.Release|Any CPU.Deploy.0 = Release|x64
		{AA28A189-446D-46E8-AD7E-E31A9DE95DD7}.Release|ARM.ActiveCfg = Release|ARM
		{AA28A189-446D-46E8-AD7E-E31A9DE95DD7}.Release|ARM.Build.0 = Release|ARM
		{AA28A189-446D-46E8-AD7E-E31A9DE95DD7}.Release|ARM.Deploy.0 = Release|ARM
		{AA28A189-446D-46E8-AD7E-E31A9DE95DD7}.Release|iPhone.ActiveCfg = Release|x64
		{AA28A189-446D-46E8-AD7E-E31A9DE95DD7}.Release|iPhone.Build.0 = Release|x64
		{AA28A189-446D-46E8-AD7E-E31A9DE95DD7}.Release|iPhone.Deploy.0 = Release|x64
		{AA28A189-446D-46E8-AD7E-E31A9DE95DD7}.Release|iPhoneSimulator.ActiveCfg = Release|x64
		{AA28A189-446D-46E8-AD7E-E31A9DE95DD7}.Release|iPhoneSimulator.Build.0 = Release|x64
		{AA28A189-446D-46E8-AD7E-E31A9DE95DD7}.Release|iPhoneSimulator.Deploy.0 = Release|x64
		{AA28A189-446D-46E8-AD7E-E31A9DE95DD7}.Release|x64.ActiveCfg = Release|x64
		{AA28A189-446D-46E8-AD7E-E31A9DE95DD7}.Release|x64.Build.0 = Release|x64
		{AA28A189-446D-46E8-AD7E-E31A9DE95DD7}.Release|x64.Deploy.0 = Release|x64
		{AA28A189-446D-46E8-AD7E-E31A9DE95DD7}.Release|x86.ActiveCfg = Release|x86
		{AA28A189-446D-46E8-AD7E-E31A9DE95DD7}.Release|x86.Build.0 = Release|x86
		{AA28A189-446D-46E8-AD7E-E31A9DE95DD7}.Release|x86.Deploy.0 = Release|x86
		{4E1E9CF8-D5C3-4CA4-8E50-011B200A6ACD}.Debug|Any CPU.ActiveCfg = Debug|Any CPU
		{4E1E9CF8-D5C3-4CA4-8E50-011B200A6ACD}.Debug|Any CPU.Build.0 = Debug|Any CPU
		{4E1E9CF8-D5C3-4CA4-8E50-011B200A6ACD}.Debug|Any CPU.Deploy.0 = Debug|Any CPU
		{4E1E9CF8-D5C3-4CA4-8E50-011B200A6ACD}.Debug|ARM.ActiveCfg = Debug|Any CPU
		{4E1E9CF8-D5C3-4CA4-8E50-011B200A6ACD}.Debug|ARM.Build.0 = Debug|Any CPU
		{4E1E9CF8-D5C3-4CA4-8E50-011B200A6ACD}.Debug|ARM.Deploy.0 = Debug|Any CPU
		{4E1E9CF8-D5C3-4CA4-8E50-011B200A6ACD}.Debug|iPhone.ActiveCfg = Debug|Any CPU
		{4E1E9CF8-D5C3-4CA4-8E50-011B200A6ACD}.Debug|iPhone.Build.0 = Debug|Any CPU
		{4E1E9CF8-D5C3-4CA4-8E50-011B200A6ACD}.Debug|iPhone.Deploy.0 = Debug|Any CPU
		{4E1E9CF8-D5C3-4CA4-8E50-011B200A6ACD}.Debug|iPhoneSimulator.ActiveCfg = Debug|Any CPU
		{4E1E9CF8-D5C3-4CA4-8E50-011B200A6ACD}.Debug|iPhoneSimulator.Build.0 = Debug|Any CPU
		{4E1E9CF8-D5C3-4CA4-8E50-011B200A6ACD}.Debug|iPhoneSimulator.Deploy.0 = Debug|Any CPU
		{4E1E9CF8-D5C3-4CA4-8E50-011B200A6ACD}.Debug|x64.ActiveCfg = Debug|Any CPU
		{4E1E9CF8-D5C3-4CA4-8E50-011B200A6ACD}.Debug|x64.Build.0 = Debug|Any CPU
		{4E1E9CF8-D5C3-4CA4-8E50-011B200A6ACD}.Debug|x64.Deploy.0 = Debug|Any CPU
		{4E1E9CF8-D5C3-4CA4-8E50-011B200A6ACD}.Debug|x86.ActiveCfg = Debug|Any CPU
		{4E1E9CF8-D5C3-4CA4-8E50-011B200A6ACD}.Debug|x86.Build.0 = Debug|Any CPU
		{4E1E9CF8-D5C3-4CA4-8E50-011B200A6ACD}.Debug|x86.Deploy.0 = Debug|Any CPU
		{4E1E9CF8-D5C3-4CA4-8E50-011B200A6ACD}.Release|Any CPU.ActiveCfg = Release|Any CPU
		{4E1E9CF8-D5C3-4CA4-8E50-011B200A6ACD}.Release|Any CPU.Build.0 = Release|Any CPU
		{4E1E9CF8-D5C3-4CA4-8E50-011B200A6ACD}.Release|Any CPU.Deploy.0 = Release|Any CPU
		{4E1E9CF8-D5C3-4CA4-8E50-011B200A6ACD}.Release|ARM.ActiveCfg = Release|Any CPU
		{4E1E9CF8-D5C3-4CA4-8E50-011B200A6ACD}.Release|ARM.Build.0 = Release|Any CPU
		{4E1E9CF8-D5C3-4CA4-8E50-011B200A6ACD}.Release|ARM.Deploy.0 = Release|Any CPU
		{4E1E9CF8-D5C3-4CA4-8E50-011B200A6ACD}.Release|iPhone.ActiveCfg = Release|Any CPU
		{4E1E9CF8-D5C3-4CA4-8E50-011B200A6ACD}.Release|iPhone.Build.0 = Release|Any CPU
		{4E1E9CF8-D5C3-4CA4-8E50-011B200A6ACD}.Release|iPhone.Deploy.0 = Release|Any CPU
		{4E1E9CF8-D5C3-4CA4-8E50-011B200A6ACD}.Release|iPhoneSimulator.ActiveCfg = Release|Any CPU
		{4E1E9CF8-D5C3-4CA4-8E50-011B200A6ACD}.Release|iPhoneSimulator.Build.0 = Release|Any CPU
		{4E1E9CF8-D5C3-4CA4-8E50-011B200A6ACD}.Release|iPhoneSimulator.Deploy.0 = Release|Any CPU
		{4E1E9CF8-D5C3-4CA4-8E50-011B200A6ACD}.Release|x64.ActiveCfg = Release|Any CPU
		{4E1E9CF8-D5C3-4CA4-8E50-011B200A6ACD}.Release|x64.Build.0 = Release|Any CPU
		{4E1E9CF8-D5C3-4CA4-8E50-011B200A6ACD}.Release|x64.Deploy.0 = Release|Any CPU
		{4E1E9CF8-D5C3-4CA4-8E50-011B200A6ACD}.Release|x86.ActiveCfg = Release|Any CPU
		{4E1E9CF8-D5C3-4CA4-8E50-011B200A6ACD}.Release|x86.Build.0 = Release|Any CPU
		{4E1E9CF8-D5C3-4CA4-8E50-011B200A6ACD}.Release|x86.Deploy.0 = Release|Any CPU
		{A479A6FB-513F-4995-AFFD-FD5041C89468}.Debug|Any CPU.ActiveCfg = Debug|iPhoneSimulator
		{A479A6FB-513F-4995-AFFD-FD5041C89468}.Debug|Any CPU.Build.0 = Debug|iPhoneSimulator
		{A479A6FB-513F-4995-AFFD-FD5041C89468}.Debug|Any CPU.Deploy.0 = Debug|iPhoneSimulator
		{A479A6FB-513F-4995-AFFD-FD5041C89468}.Debug|ARM.ActiveCfg = Debug|iPhoneSimulator
		{A479A6FB-513F-4995-AFFD-FD5041C89468}.Debug|ARM.Build.0 = Debug|iPhoneSimulator
		{A479A6FB-513F-4995-AFFD-FD5041C89468}.Debug|ARM.Deploy.0 = Debug|iPhoneSimulator
		{A479A6FB-513F-4995-AFFD-FD5041C89468}.Debug|iPhone.ActiveCfg = Debug|iPhone
		{A479A6FB-513F-4995-AFFD-FD5041C89468}.Debug|iPhone.Build.0 = Debug|iPhone
		{A479A6FB-513F-4995-AFFD-FD5041C89468}.Debug|iPhone.Deploy.0 = Debug|iPhone
		{A479A6FB-513F-4995-AFFD-FD5041C89468}.Debug|iPhoneSimulator.ActiveCfg = Debug|iPhoneSimulator
		{A479A6FB-513F-4995-AFFD-FD5041C89468}.Debug|iPhoneSimulator.Build.0 = Debug|iPhoneSimulator
		{A479A6FB-513F-4995-AFFD-FD5041C89468}.Debug|iPhoneSimulator.Deploy.0 = Debug|iPhoneSimulator
		{A479A6FB-513F-4995-AFFD-FD5041C89468}.Debug|x64.ActiveCfg = Debug|iPhone
		{A479A6FB-513F-4995-AFFD-FD5041C89468}.Debug|x64.Build.0 = Debug|iPhone
		{A479A6FB-513F-4995-AFFD-FD5041C89468}.Debug|x64.Deploy.0 = Debug|iPhone
		{A479A6FB-513F-4995-AFFD-FD5041C89468}.Debug|x86.ActiveCfg = Debug|iPhoneSimulator
		{A479A6FB-513F-4995-AFFD-FD5041C89468}.Debug|x86.Build.0 = Debug|iPhoneSimulator
		{A479A6FB-513F-4995-AFFD-FD5041C89468}.Debug|x86.Deploy.0 = Debug|iPhoneSimulator
		{A479A6FB-513F-4995-AFFD-FD5041C89468}.Release|Any CPU.ActiveCfg = Release|iPhoneSimulator
		{A479A6FB-513F-4995-AFFD-FD5041C89468}.Release|Any CPU.Build.0 = Release|iPhoneSimulator
		{A479A6FB-513F-4995-AFFD-FD5041C89468}.Release|Any CPU.Deploy.0 = Release|iPhoneSimulator
		{A479A6FB-513F-4995-AFFD-FD5041C89468}.Release|ARM.ActiveCfg = Release|iPhoneSimulator
		{A479A6FB-513F-4995-AFFD-FD5041C89468}.Release|ARM.Build.0 = Release|iPhoneSimulator
		{A479A6FB-513F-4995-AFFD-FD5041C89468}.Release|ARM.Deploy.0 = Release|iPhoneSimulator
		{A479A6FB-513F-4995-AFFD-FD5041C89468}.Release|iPhone.ActiveCfg = Release|iPhone
		{A479A6FB-513F-4995-AFFD-FD5041C89468}.Release|iPhone.Build.0 = Release|iPhone
		{A479A6FB-513F-4995-AFFD-FD5041C89468}.Release|iPhone.Deploy.0 = Release|iPhone
		{A479A6FB-513F-4995-AFFD-FD5041C89468}.Release|iPhoneSimulator.ActiveCfg = Release|iPhoneSimulator
		{A479A6FB-513F-4995-AFFD-FD5041C89468}.Release|iPhoneSimulator.Build.0 = Release|iPhoneSimulator
		{A479A6FB-513F-4995-AFFD-FD5041C89468}.Release|iPhoneSimulator.Deploy.0 = Release|iPhoneSimulator
		{A479A6FB-513F-4995-AFFD-FD5041C89468}.Release|x64.ActiveCfg = Release|iPhoneSimulator
		{A479A6FB-513F-4995-AFFD-FD5041C89468}.Release|x64.Build.0 = Release|iPhoneSimulator
		{A479A6FB-513F-4995-AFFD-FD5041C89468}.Release|x64.Deploy.0 = Release|iPhoneSimulator
		{A479A6FB-513F-4995-AFFD-FD5041C89468}.Release|x86.ActiveCfg = Release|iPhoneSimulator
		{A479A6FB-513F-4995-AFFD-FD5041C89468}.Release|x86.Build.0 = Release|iPhoneSimulator
		{A479A6FB-513F-4995-AFFD-FD5041C89468}.Release|x86.Deploy.0 = Release|iPhoneSimulator
		{60E50163-26C0-4F52-85F0-5303FE43B5CC}.Debug|Any CPU.ActiveCfg = Debug|Any CPU
		{60E50163-26C0-4F52-85F0-5303FE43B5CC}.Debug|Any CPU.Build.0 = Debug|Any CPU
		{60E50163-26C0-4F52-85F0-5303FE43B5CC}.Debug|Any CPU.Deploy.0 = Debug|Any CPU
		{60E50163-26C0-4F52-85F0-5303FE43B5CC}.Debug|ARM.ActiveCfg = Debug|Any CPU
		{60E50163-26C0-4F52-85F0-5303FE43B5CC}.Debug|ARM.Build.0 = Debug|Any CPU
		{60E50163-26C0-4F52-85F0-5303FE43B5CC}.Debug|ARM.Deploy.0 = Debug|Any CPU
		{60E50163-26C0-4F52-85F0-5303FE43B5CC}.Debug|iPhone.ActiveCfg = Debug|Any CPU
		{60E50163-26C0-4F52-85F0-5303FE43B5CC}.Debug|iPhone.Build.0 = Debug|Any CPU
		{60E50163-26C0-4F52-85F0-5303FE43B5CC}.Debug|iPhone.Deploy.0 = Debug|Any CPU
		{60E50163-26C0-4F52-85F0-5303FE43B5CC}.Debug|iPhoneSimulator.ActiveCfg = Debug|Any CPU
		{60E50163-26C0-4F52-85F0-5303FE43B5CC}.Debug|iPhoneSimulator.Build.0 = Debug|Any CPU
		{60E50163-26C0-4F52-85F0-5303FE43B5CC}.Debug|iPhoneSimulator.Deploy.0 = Debug|Any CPU
		{60E50163-26C0-4F52-85F0-5303FE43B5CC}.Debug|x64.ActiveCfg = Debug|Any CPU
		{60E50163-26C0-4F52-85F0-5303FE43B5CC}.Debug|x64.Build.0 = Debug|Any CPU
		{60E50163-26C0-4F52-85F0-5303FE43B5CC}.Debug|x64.Deploy.0 = Debug|Any CPU
		{60E50163-26C0-4F52-85F0-5303FE43B5CC}.Debug|x86.ActiveCfg = Debug|Any CPU
		{60E50163-26C0-4F52-85F0-5303FE43B5CC}.Debug|x86.Build.0 = Debug|Any CPU
		{60E50163-26C0-4F52-85F0-5303FE43B5CC}.Debug|x86.Deploy.0 = Debug|Any CPU
		{60E50163-26C0-4F52-85F0-5303FE43B5CC}.Release|Any CPU.ActiveCfg = Release|Any CPU
		{60E50163-26C0-4F52-85F0-5303FE43B5CC}.Release|Any CPU.Build.0 = Release|Any CPU
		{60E50163-26C0-4F52-85F0-5303FE43B5CC}.Release|Any CPU.Deploy.0 = Release|Any CPU
		{60E50163-26C0-4F52-85F0-5303FE43B5CC}.Release|ARM.ActiveCfg = Release|Any CPU
		{60E50163-26C0-4F52-85F0-5303FE43B5CC}.Release|ARM.Build.0 = Release|Any CPU
		{60E50163-26C0-4F52-85F0-5303FE43B5CC}.Release|ARM.Deploy.0 = Release|Any CPU
		{60E50163-26C0-4F52-85F0-5303FE43B5CC}.Release|iPhone.ActiveCfg = Release|Any CPU
		{60E50163-26C0-4F52-85F0-5303FE43B5CC}.Release|iPhone.Build.0 = Release|Any CPU
		{60E50163-26C0-4F52-85F0-5303FE43B5CC}.Release|iPhone.Deploy.0 = Release|Any CPU
		{60E50163-26C0-4F52-85F0-5303FE43B5CC}.Release|iPhoneSimulator.ActiveCfg = Release|Any CPU
		{60E50163-26C0-4F52-85F0-5303FE43B5CC}.Release|iPhoneSimulator.Build.0 = Release|Any CPU
		{60E50163-26C0-4F52-85F0-5303FE43B5CC}.Release|iPhoneSimulator.Deploy.0 = Release|Any CPU
		{60E50163-26C0-4F52-85F0-5303FE43B5CC}.Release|x64.ActiveCfg = Release|Any CPU
		{60E50163-26C0-4F52-85F0-5303FE43B5CC}.Release|x64.Build.0 = Release|Any CPU
		{60E50163-26C0-4F52-85F0-5303FE43B5CC}.Release|x64.Deploy.0 = Release|Any CPU
		{60E50163-26C0-4F52-85F0-5303FE43B5CC}.Release|x86.ActiveCfg = Release|Any CPU
		{60E50163-26C0-4F52-85F0-5303FE43B5CC}.Release|x86.Build.0 = Release|Any CPU
		{60E50163-26C0-4F52-85F0-5303FE43B5CC}.Release|x86.Deploy.0 = Release|Any CPU
	EndGlobalSection
	GlobalSection(SolutionProperties) = preSolution
		HideSolutionNode = FALSE
	EndGlobalSection
	GlobalSection(ExtensibilityGlobals) = postSolution
		SolutionGuid = {A1CDDB0E-321F-421E-A38B-847783D05BD6}
	EndGlobalSection
EndGlobal
